// !$*UTF8*$!
{
	archiveVersion = 1;
	classes = {
	};
	objectVersion = 46;
	objects = {

/* Begin PBXBuildFile section */
		84065A931B6C2C610056BF98 /* AppDelegate.swift in Sources */ = {isa = PBXBuildFile; fileRef = 84065A921B6C2C610056BF98 /* AppDelegate.swift */; };
		84065A951B6C2C610056BF98 /* MainViewController.swift in Sources */ = {isa = PBXBuildFile; fileRef = 84065A941B6C2C610056BF98 /* MainViewController.swift */; };
		84065A981B6C2C610056BF98 /* Main.storyboard in Resources */ = {isa = PBXBuildFile; fileRef = 84065A961B6C2C610056BF98 /* Main.storyboard */; };
		84065A9B1B6C2C610056BF98 /* car_share_buddy.xcdatamodeld in Sources */ = {isa = PBXBuildFile; fileRef = 84065A991B6C2C610056BF98 /* car_share_buddy.xcdatamodeld */; };
		84065A9D1B6C2C610056BF98 /* Assets.xcassets in Resources */ = {isa = PBXBuildFile; fileRef = 84065A9C1B6C2C610056BF98 /* Assets.xcassets */; };
		84065AA01B6C2C610056BF98 /* LaunchScreen.storyboard in Resources */ = {isa = PBXBuildFile; fileRef = 84065A9E1B6C2C610056BF98 /* LaunchScreen.storyboard */; };
		84065AAB1B6C2C610056BF98 /* car_share_buddyTests.swift in Sources */ = {isa = PBXBuildFile; fileRef = 84065AAA1B6C2C610056BF98 /* car_share_buddyTests.swift */; };
		84065AB71B6C32040056BF98 /* DriverRepository.swift in Sources */ = {isa = PBXBuildFile; fileRef = 84065AB61B6C32040056BF98 /* DriverRepository.swift */; };
		84065AB81B6C32040056BF98 /* DriverRepository.swift in Sources */ = {isa = PBXBuildFile; fileRef = 84065AB61B6C32040056BF98 /* DriverRepository.swift */; };
		84065ABC1B6C3D2B0056BF98 /* UserRepositoryIntegrationTests.swift in Sources */ = {isa = PBXBuildFile; fileRef = 84065ABB1B6C3D2B0056BF98 /* UserRepositoryIntegrationTests.swift */; };
		842013041B6D3CA000809BD2 /* DriversViewController.swift in Sources */ = {isa = PBXBuildFile; fileRef = 842013031B6D3CA000809BD2 /* DriversViewController.swift */; };
		842013061B6D3CD900809BD2 /* NewDriverViewController.swift in Sources */ = {isa = PBXBuildFile; fileRef = 842013051B6D3CD900809BD2 /* NewDriverViewController.swift */; };
/* End PBXBuildFile section */

/* Begin PBXContainerItemProxy section */
		84065AA71B6C2C610056BF98 /* PBXContainerItemProxy */ = {
			isa = PBXContainerItemProxy;
			containerPortal = 84065A871B6C2C610056BF98 /* Project object */;
			proxyType = 1;
			remoteGlobalIDString = 84065A8E1B6C2C610056BF98;
			remoteInfo = "car-share-buddy";
		};
/* End PBXContainerItemProxy section */

/* Begin PBXFileReference section */
		84065A8F1B6C2C610056BF98 /* car-share-buddy.app */ = {isa = PBXFileReference; explicitFileType = wrapper.application; includeInIndex = 0; path = "car-share-buddy.app"; sourceTree = BUILT_PRODUCTS_DIR; };
		84065A921B6C2C610056BF98 /* AppDelegate.swift */ = {isa = PBXFileReference; lastKnownFileType = sourcecode.swift; path = AppDelegate.swift; sourceTree = "<group>"; };
		84065A941B6C2C610056BF98 /* MainViewController.swift */ = {isa = PBXFileReference; lastKnownFileType = sourcecode.swift; path = MainViewController.swift; sourceTree = "<group>"; };
		84065A971B6C2C610056BF98 /* Base */ = {isa = PBXFileReference; lastKnownFileType = file.storyboard; name = Base; path = Base.lproj/Main.storyboard; sourceTree = "<group>"; };
		84065A9A1B6C2C610056BF98 /* car_share_buddy.xcdatamodel */ = {isa = PBXFileReference; lastKnownFileType = wrapper.xcdatamodel; path = car_share_buddy.xcdatamodel; sourceTree = "<group>"; };
		84065A9C1B6C2C610056BF98 /* Assets.xcassets */ = {isa = PBXFileReference; lastKnownFileType = folder.assetcatalog; path = Assets.xcassets; sourceTree = "<group>"; };
		84065A9F1B6C2C610056BF98 /* Base */ = {isa = PBXFileReference; lastKnownFileType = file.storyboard; name = Base; path = Base.lproj/LaunchScreen.storyboard; sourceTree = "<group>"; };
		84065AA11B6C2C610056BF98 /* Info.plist */ = {isa = PBXFileReference; lastKnownFileType = text.plist.xml; path = Info.plist; sourceTree = "<group>"; };
		84065AA61B6C2C610056BF98 /* car-share-buddyTests.xctest */ = {isa = PBXFileReference; explicitFileType = wrapper.cfbundle; includeInIndex = 0; path = "car-share-buddyTests.xctest"; sourceTree = BUILT_PRODUCTS_DIR; };
		84065AAA1B6C2C610056BF98 /* car_share_buddyTests.swift */ = {isa = PBXFileReference; lastKnownFileType = sourcecode.swift; path = car_share_buddyTests.swift; sourceTree = "<group>"; };
		84065AAC1B6C2C610056BF98 /* Info.plist */ = {isa = PBXFileReference; lastKnownFileType = text.plist.xml; path = Info.plist; sourceTree = "<group>"; };
		84065AB61B6C32040056BF98 /* DriverRepository.swift */ = {isa = PBXFileReference; fileEncoding = 4; lastKnownFileType = sourcecode.swift; path = DriverRepository.swift; sourceTree = "<group>"; };
		84065ABB1B6C3D2B0056BF98 /* UserRepositoryIntegrationTests.swift */ = {isa = PBXFileReference; fileEncoding = 4; lastKnownFileType = sourcecode.swift; path = UserRepositoryIntegrationTests.swift; sourceTree = "<group>"; };
		842013031B6D3CA000809BD2 /* DriversViewController.swift */ = {isa = PBXFileReference; fileEncoding = 4; lastKnownFileType = sourcecode.swift; path = DriversViewController.swift; sourceTree = "<group>"; };
		842013051B6D3CD900809BD2 /* NewDriverViewController.swift */ = {isa = PBXFileReference; fileEncoding = 4; lastKnownFileType = sourcecode.swift; path = NewDriverViewController.swift; sourceTree = "<group>"; };
/* End PBXFileReference section */

/* Begin PBXFrameworksBuildPhase section */
		84065A8C1B6C2C610056BF98 /* Frameworks */ = {
			isa = PBXFrameworksBuildPhase;
			buildActionMask = 2147483647;
			files = (
			);
			runOnlyForDeploymentPostprocessing = 0;
		};
		84065AA31B6C2C610056BF98 /* Frameworks */ = {
			isa = PBXFrameworksBuildPhase;
			buildActionMask = 2147483647;
			files = (
			);
			runOnlyForDeploymentPostprocessing = 0;
		};
/* End PBXFrameworksBuildPhase section */

/* Begin PBXGroup section */
		84065A861B6C2C610056BF98 = {
			isa = PBXGroup;
			children = (
				84065A911B6C2C610056BF98 /* car-share-buddy */,
				84065AA91B6C2C610056BF98 /* car-share-buddyTests */,
				84065A901B6C2C610056BF98 /* Products */,
			);
			sourceTree = "<group>";
		};
		84065A901B6C2C610056BF98 /* Products */ = {
			isa = PBXGroup;
			children = (
				84065A8F1B6C2C610056BF98 /* car-share-buddy.app */,
				84065AA61B6C2C610056BF98 /* car-share-buddyTests.xctest */,
			);
			name = Products;
			sourceTree = "<group>";
		};
		84065A911B6C2C610056BF98 /* car-share-buddy */ = {
			isa = PBXGroup;
			children = (
				84DADF2B1B6D1B1100221641 /* ui */,
				84DADF2A1B6D1B0900221641 /* core */,
				84065A921B6C2C610056BF98 /* AppDelegate.swift */,
				84065A961B6C2C610056BF98 /* Main.storyboard */,
				84065A9C1B6C2C610056BF98 /* Assets.xcassets */,
				84065A9E1B6C2C610056BF98 /* LaunchScreen.storyboard */,
				84065AA11B6C2C610056BF98 /* Info.plist */,
				84065A991B6C2C610056BF98 /* car_share_buddy.xcdatamodeld */,
			);
			path = "car-share-buddy";
			sourceTree = "<group>";
		};
		84065AA91B6C2C610056BF98 /* car-share-buddyTests */ = {
			isa = PBXGroup;
			children = (
				84065AAA1B6C2C610056BF98 /* car_share_buddyTests.swift */,
				84065AAC1B6C2C610056BF98 /* Info.plist */,
				84065ABB1B6C3D2B0056BF98 /* UserRepositoryIntegrationTests.swift */,
			);
			path = "car-share-buddyTests";
			sourceTree = "<group>";
		};
		84DADF2A1B6D1B0900221641 /* core */ = {
			isa = PBXGroup;
			children = (
				84065AB61B6C32040056BF98 /* DriverRepository.swift */,
			);
			name = core;
			sourceTree = "<group>";
		};
		84DADF2B1B6D1B1100221641 /* ui */ = {
			isa = PBXGroup;
			children = (
				84065A941B6C2C610056BF98 /* MainViewController.swift */,
				842013031B6D3CA000809BD2 /* DriversViewController.swift */,
				842013051B6D3CD900809BD2 /* NewDriverViewController.swift */,
			);
			name = ui;
			sourceTree = "<group>";
		};
/* End PBXGroup section */

/* Begin PBXNativeTarget section */
		84065A8E1B6C2C610056BF98 /* car-share-buddy */ = {
			isa = PBXNativeTarget;
			buildConfigurationList = 84065AAF1B6C2C610056BF98 /* Build configuration list for PBXNativeTarget "car-share-buddy" */;
			buildPhases = (
				84065A8B1B6C2C610056BF98 /* Sources */,
				84065A8C1B6C2C610056BF98 /* Frameworks */,
				84065A8D1B6C2C610056BF98 /* Resources */,
			);
			buildRules = (
			);
			dependencies = (
			);
			name = "car-share-buddy";
			productName = "car-share-buddy";
			productReference = 84065A8F1B6C2C610056BF98 /* car-share-buddy.app */;
			productType = "com.apple.product-type.application";
		};
		84065AA51B6C2C610056BF98 /* car-share-buddyTests */ = {
			isa = PBXNativeTarget;
			buildConfigurationList = 84065AB21B6C2C610056BF98 /* Build configuration list for PBXNativeTarget "car-share-buddyTests" */;
			buildPhases = (
				84065AA21B6C2C610056BF98 /* Sources */,
				84065AA31B6C2C610056BF98 /* Frameworks */,
				84065AA41B6C2C610056BF98 /* Resources */,
			);
			buildRules = (
			);
			dependencies = (
				84065AA81B6C2C610056BF98 /* PBXTargetDependency */,
			);
			name = "car-share-buddyTests";
			productName = "car-share-buddyTests";
			productReference = 84065AA61B6C2C610056BF98 /* car-share-buddyTests.xctest */;
			productType = "com.apple.product-type.bundle.unit-test";
		};
/* End PBXNativeTarget section */

/* Begin PBXProject section */
		84065A871B6C2C610056BF98 /* Project object */ = {
			isa = PBXProject;
			attributes = {
				LastUpgradeCheck = 0700;
				ORGANIZATIONNAME = "three-amigos";
				TargetAttributes = {
					84065A8E1B6C2C610056BF98 = {
						CreatedOnToolsVersion = 7.0;
					};
					84065AA51B6C2C610056BF98 = {
						CreatedOnToolsVersion = 7.0;
						TestTargetID = 84065A8E1B6C2C610056BF98;
					};
				};
			};
			buildConfigurationList = 84065A8A1B6C2C610056BF98 /* Build configuration list for PBXProject "car-share-buddy" */;
			compatibilityVersion = "Xcode 3.2";
			developmentRegion = English;
			hasScannedForEncodings = 0;
			knownRegions = (
				en,
				Base,
			);
			mainGroup = 84065A861B6C2C610056BF98;
			productRefGroup = 84065A901B6C2C610056BF98 /* Products */;
			projectDirPath = "";
			projectRoot = "";
			targets = (
				84065A8E1B6C2C610056BF98 /* car-share-buddy */,
				84065AA51B6C2C610056BF98 /* car-share-buddyTests */,
			);
		};
/* End PBXProject section */

/* Begin PBXResourcesBuildPhase section */
		84065A8D1B6C2C610056BF98 /* Resources */ = {
			isa = PBXResourcesBuildPhase;
			buildActionMask = 2147483647;
			files = (
				84065AA01B6C2C610056BF98 /* LaunchScreen.storyboard in Resources */,
				84065A9D1B6C2C610056BF98 /* Assets.xcassets in Resources */,
				84065A981B6C2C610056BF98 /* Main.storyboard in Resources */,
			);
			runOnlyForDeploymentPostprocessing = 0;
		};
		84065AA41B6C2C610056BF98 /* Resources */ = {
			isa = PBXResourcesBuildPhase;
			buildActionMask = 2147483647;
			files = (
			);
			runOnlyForDeploymentPostprocessing = 0;
		};
/* End PBXResourcesBuildPhase section */

/* Begin PBXSourcesBuildPhase section */
		84065A8B1B6C2C610056BF98 /* Sources */ = {
			isa = PBXSourcesBuildPhase;
			buildActionMask = 2147483647;
			files = (
				84065A951B6C2C610056BF98 /* MainViewController.swift in Sources */,
				84065A9B1B6C2C610056BF98 /* car_share_buddy.xcdatamodeld in Sources */,
				84065AB71B6C32040056BF98 /* DriverRepository.swift in Sources */,
				842013061B6D3CD900809BD2 /* NewDriverViewController.swift in Sources */,
				84065A931B6C2C610056BF98 /* AppDelegate.swift in Sources */,
				842013041B6D3CA000809BD2 /* DriversViewController.swift in Sources */,
			);
			runOnlyForDeploymentPostprocessing = 0;
		};
		84065AA21B6C2C610056BF98 /* Sources */ = {
			isa = PBXSourcesBuildPhase;
			buildActionMask = 2147483647;
			files = (
				84065AB81B6C32040056BF98 /* DriverRepository.swift in Sources */,
				84065AAB1B6C2C610056BF98 /* car_share_buddyTests.swift in Sources */,
				84065ABC1B6C3D2B0056BF98 /* UserRepositoryIntegrationTests.swift in Sources */,
			);
			runOnlyForDeploymentPostprocessing = 0;
		};
/* End PBXSourcesBuildPhase section */

/* Begin PBXTargetDependency section */
		84065AA81B6C2C610056BF98 /* PBXTargetDependency */ = {
			isa = PBXTargetDependency;
			target = 84065A8E1B6C2C610056BF98 /* car-share-buddy */;
			targetProxy = 84065AA71B6C2C610056BF98 /* PBXContainerItemProxy */;
		};
/* End PBXTargetDependency section */

/* Begin PBXVariantGroup section */
		84065A961B6C2C610056BF98 /* Main.storyboard */ = {
			isa = PBXVariantGroup;
			children = (
				84065A971B6C2C610056BF98 /* Base */,
			);
			name = Main.storyboard;
			sourceTree = "<group>";
		};
		84065A9E1B6C2C610056BF98 /* LaunchScreen.storyboard */ = {
			isa = PBXVariantGroup;
			children = (
				84065A9F1B6C2C610056BF98 /* Base */,
			);
			name = LaunchScreen.storyboard;
			sourceTree = "<group>";
		};
/* End PBXVariantGroup section */

/* Begin XCBuildConfiguration section */
		84065AAD1B6C2C610056BF98 /* Debug */ = {
			isa = XCBuildConfiguration;
			buildSettings = {
				ALWAYS_SEARCH_USER_PATHS = NO;
				CLANG_CXX_LANGUAGE_STANDARD = "gnu++0x";
				CLANG_CXX_LIBRARY = "libc++";
				CLANG_ENABLE_MODULES = YES;
				CLANG_ENABLE_OBJC_ARC = YES;
				CLANG_WARN_BOOL_CONVERSION = YES;
				CLANG_WARN_CONSTANT_CONVERSION = YES;
				CLANG_WARN_DIRECT_OBJC_ISA_USAGE = YES_ERROR;
				CLANG_WARN_EMPTY_BODY = YES;
				CLANG_WARN_ENUM_CONVERSION = YES;
				CLANG_WARN_INT_CONVERSION = YES;
				CLANG_WARN_OBJC_ROOT_CLASS = YES_ERROR;
				CLANG_WARN_UNREACHABLE_CODE = YES;
				CLANG_WARN__DUPLICATE_METHOD_MATCH = YES;
				"CODE_SIGN_IDENTITY[sdk=iphoneos*]" = "iPhone Developer";
				COPY_PHASE_STRIP = NO;
				DEBUG_INFORMATION_FORMAT = dwarf;
				ENABLE_STRICT_OBJC_MSGSEND = YES;
				ENABLE_TESTABILITY = YES;
				GCC_C_LANGUAGE_STANDARD = gnu99;
				GCC_DYNAMIC_NO_PIC = NO;
				GCC_NO_COMMON_BLOCKS = YES;
				GCC_OPTIMIZATION_LEVEL = 0;
				GCC_PREPROCESSOR_DEFINITIONS = (
					"DEBUG=1",
					"$(inherited)",
				);
				GCC_WARN_64_TO_32_BIT_CONVERSION = YES;
				GCC_WARN_ABOUT_RETURN_TYPE = YES_ERROR;
				GCC_WARN_UNDECLARED_SELECTOR = YES;
				GCC_WARN_UNINITIALIZED_AUTOS = YES_AGGRESSIVE;
				GCC_WARN_UNUSED_FUNCTION = YES;
				GCC_WARN_UNUSED_VARIABLE = YES;
				IPHONEOS_DEPLOYMENT_TARGET = 8.0;
				MTL_ENABLE_DEBUG_INFO = YES;
				ONLY_ACTIVE_ARCH = YES;
				SDKROOT = iphoneos;
				SWIFT_OPTIMIZATION_LEVEL = "-Onone";
			};
			name = Debug;
		};
		84065AAE1B6C2C610056BF98 /* Release */ = {
			isa = XCBuildConfiguration;
			buildSettings = {
				ALWAYS_SEARCH_USER_PATHS = NO;
				CLANG_CXX_LANGUAGE_STANDARD = "gnu++0x";
				CLANG_CXX_LIBRARY = "libc++";
				CLANG_ENABLE_MODULES = YES;
				CLANG_ENABLE_OBJC_ARC = YES;
				CLANG_WARN_BOOL_CONVERSION = YES;
				CLANG_WARN_CONSTANT_CONVERSION = YES;
				CLANG_WARN_DIRECT_OBJC_ISA_USAGE = YES_ERROR;
				CLANG_WARN_EMPTY_BODY = YES;
				CLANG_WARN_ENUM_CONVERSION = YES;
				CLANG_WARN_INT_CONVERSION = YES;
				CLANG_WARN_OBJC_ROOT_CLASS = YES_ERROR;
				CLANG_WARN_UNREACHABLE_CODE = YES;
				CLANG_WARN__DUPLICATE_METHOD_MATCH = YES;
				"CODE_SIGN_IDENTITY[sdk=iphoneos*]" = "iPhone Developer";
				COPY_PHASE_STRIP = NO;
				DEBUG_INFORMATION_FORMAT = "dwarf-with-dsym";
				ENABLE_NS_ASSERTIONS = NO;
				ENABLE_STRICT_OBJC_MSGSEND = YES;
				GCC_C_LANGUAGE_STANDARD = gnu99;
				GCC_NO_COMMON_BLOCKS = YES;
				GCC_WARN_64_TO_32_BIT_CONVERSION = YES;
				GCC_WARN_ABOUT_RETURN_TYPE = YES_ERROR;
				GCC_WARN_UNDECLARED_SELECTOR = YES;
				GCC_WARN_UNINITIALIZED_AUTOS = YES_AGGRESSIVE;
				GCC_WARN_UNUSED_FUNCTION = YES;
				GCC_WARN_UNUSED_VARIABLE = YES;
				IPHONEOS_DEPLOYMENT_TARGET = 8.0;
				MTL_ENABLE_DEBUG_INFO = NO;
				SDKROOT = iphoneos;
				VALIDATE_PRODUCT = YES;
			};
			name = Release;
		};
		84065AB01B6C2C610056BF98 /* Debug */ = {
			isa = XCBuildConfiguration;
			buildSettings = {
				ASSETCATALOG_COMPILER_APPICON_NAME = AppIcon;
				INFOPLIST_FILE = "car-share-buddy/Info.plist";
				IPHONEOS_DEPLOYMENT_TARGET = 8.0;
				LD_RUNPATH_SEARCH_PATHS = "$(inherited) @executable_path/Frameworks";
				PRODUCT_BUNDLE_IDENTIFIER = "io.github.three-amigos.car-share-buddy";
				PRODUCT_NAME = "$(TARGET_NAME)";
			};
			name = Debug;
		};
		84065AB11B6C2C610056BF98 /* Release */ = {
			isa = XCBuildConfiguration;
			buildSettings = {
				ASSETCATALOG_COMPILER_APPICON_NAME = AppIcon;
				INFOPLIST_FILE = "car-share-buddy/Info.plist";
				IPHONEOS_DEPLOYMENT_TARGET = 8.0;
				LD_RUNPATH_SEARCH_PATHS = "$(inherited) @executable_path/Frameworks";
				PRODUCT_BUNDLE_IDENTIFIER = "io.github.three-amigos.car-share-buddy";
				PRODUCT_NAME = "$(TARGET_NAME)";
			};
			name = Release;
		};
		84065AB31B6C2C610056BF98 /* Debug */ = {
			isa = XCBuildConfiguration;
			buildSettings = {
				BUNDLE_LOADER = "$(TEST_HOST)";
				INFOPLIST_FILE = "car-share-buddyTests/Info.plist";
				LD_RUNPATH_SEARCH_PATHS = "$(inherited) @executable_path/Frameworks @loader_path/Frameworks";
				PRODUCT_BUNDLE_IDENTIFIER = "io.github.three-amigos.car-share-buddyTests";
				PRODUCT_NAME = "$(TARGET_NAME)";
				TEST_HOST = "$(BUILT_PRODUCTS_DIR)/car-share-buddy.app/car-share-buddy";
			};
			name = Debug;
		};
		84065AB41B6C2C610056BF98 /* Release */ = {
			isa = XCBuildConfiguration;
			buildSettings = {
				BUNDLE_LOADER = "$(TEST_HOST)";
				INFOPLIST_FILE = "car-share-buddyTests/Info.plist";
				LD_RUNPATH_SEARCH_PATHS = "$(inherited) @executable_path/Frameworks @loader_path/Frameworks";
				PRODUCT_BUNDLE_IDENTIFIER = "io.github.three-amigos.car-share-buddyTests";
				PRODUCT_NAME = "$(TARGET_NAME)";
				TEST_HOST = "$(BUILT_PRODUCTS_DIR)/car-share-buddy.app/car-share-buddy";
			};
			name = Release;
		};
/* End XCBuildConfiguration section */

/* Begin XCConfigurationList section */
		84065A8A1B6C2C610056BF98 /* Build configuration list for PBXProject "car-share-buddy" */ = {
			isa = XCConfigurationList;
			buildConfigurations = (
				84065AAD1B6C2C610056BF98 /* Debug */,
				84065AAE1B6C2C610056BF98 /* Release */,
			);
			defaultConfigurationIsVisible = 0;
			defaultConfigurationName = Release;
		};
		84065AAF1B6C2C610056BF98 /* Build configuration list for PBXNativeTarget "car-share-buddy" */ = {
			isa = XCConfigurationList;
			buildConfigurations = (
				84065AB01B6C2C610056BF98 /* Debug */,
				84065AB11B6C2C610056BF98 /* Release */,
			);
			defaultConfigurationIsVisible = 0;
			defaultConfigurationName = Release;
		};
		84065AB21B6C2C610056BF98 /* Build configuration list for PBXNativeTarget "car-share-buddyTests" */ = {
			isa = XCConfigurationList;
			buildConfigurations = (
				84065AB31B6C2C610056BF98 /* Debug */,
				84065AB41B6C2C610056BF98 /* Release */,
			);
			defaultConfigurationIsVisible = 0;
			defaultConfigurationName = Release;
		};
/* End XCConfigurationList section */

/* Begin XCVersionGroup section */
		84065A991B6C2C610056BF98 /* car_share_buddy.xcdatamodeld */ = {
			isa = XCVersionGroup;
			children = (
				84065A9A1B6C2C610056BF98 /* car_share_buddy.xcdatamodel */,
			);
			currentVersion = 84065A9A1B6C2C610056BF98 /* car_share_buddy.xcdatamodel */;
			path = car_share_buddy.xcdatamodeld;
			sourceTree = "<group>";
			versionGroupType = wrapper.xcdatamodel;
		};
/* End XCVersionGroup section */
	};
	rootObject = 84065A871B6C2C610056BF98 /* Project object */;
}
